
Microsoft Visual Studio Solution File, Format Version 12.00
# Visual Studio Version 17
VisualStudioVersion = 17.8.34330.188
MinimumVisualStudioVersion = 10.0.40219.1
Project("{FAE04EC0-301F-11D3-BF4B-00C04F79EFBC}") = "LibraryManagementSystem.Api", "LibraryManagementSystem.Api\LibraryManagementSystem.Api.csproj", "{24054D16-94EC-43F5-B78D-C2FEB7F52213}"
EndProject
Project("{FAE04EC0-301F-11D3-BF4B-00C04F79EFBC}") = "LibraryManagementSystem.Models", "LibraryManagementSystem.Models\LibraryManagementSystem.Models.csproj", "{D848BE69-4DCF-4456-B5FB-BE3ED5CEB4C8}"
EndProject
Project("{FAE04EC0-301F-11D3-BF4B-00C04F79EFBC}") = "LibraryManagementSystem.Factories", "LibraryManagementSystem.Factories\LibraryManagementSystem.Factories.csproj", "{AA203088-3221-47CF-8182-C98F3715F22B}"
EndProject
Project("{FAE04EC0-301F-11D3-BF4B-00C04F79EFBC}") = "LibraryManagementSystem.Repository", "LibraryManagementSystem.Repository\LibraryManagementSystem.Repository.csproj", "{FE37E217-A809-401E-982E-BD0EFF711795}"
EndProject
Global
	GlobalSection(SolutionConfigurationPlatforms) = preSolution
		Debug|Any CPU = Debug|Any CPU
		Release|Any CPU = Release|Any CPU
	EndGlobalSection
	GlobalSection(ProjectConfigurationPlatforms) = postSolution
		{24054D16-94EC-43F5-B78D-C2FEB7F52213}.Debug|Any CPU.ActiveCfg = Debug|Any CPU
		{24054D16-94EC-43F5-B78D-C2FEB7F52213}.Debug|Any CPU.Build.0 = Debug|Any CPU
		{24054D16-94EC-43F5-B78D-C2FEB7F52213}.Release|Any CPU.ActiveCfg = Release|Any CPU
		{24054D16-94EC-43F5-B78D-C2FEB7F52213}.Release|Any CPU.Build.0 = Release|Any CPU
		{D848BE69-4DCF-4456-B5FB-BE3ED5CEB4C8}.Debug|Any CPU.ActiveCfg = Debug|Any CPU
		{D848BE69-4DCF-4456-B5FB-BE3ED5CEB4C8}.Debug|Any CPU.Build.0 = Debug|Any CPU
		{D848BE69-4DCF-4456-B5FB-BE3ED5CEB4C8}.Release|Any CPU.ActiveCfg = Release|Any CPU
		{D848BE69-4DCF-4456-B5FB-BE3ED5CEB4C8}.Release|Any CPU.Build.0 = Release|Any CPU
		{AA203088-3221-47CF-8182-C98F3715F22B}.Debug|Any CPU.ActiveCfg = Debug|Any CPU
		{AA203088-3221-47CF-8182-C98F3715F22B}.Debug|Any CPU.Build.0 = Debug|Any CPU
		{AA203088-3221-47CF-8182-C98F3715F22B}.Release|Any CPU.ActiveCfg = Release|Any CPU
		{AA203088-3221-47CF-8182-C98F3715F22B}.Release|Any CPU.Build.0 = Release|Any CPU
		{FE37E217-A809-401E-982E-BD0EFF711795}.Debug|Any CPU.ActiveCfg = Debug|Any CPU
		{FE37E217-A809-401E-982E-BD0EFF711795}.Debug|Any CPU.Build.0 = Debug|Any CPU
		{FE37E217-A809-401E-982E-BD0EFF711795}.Release|Any CPU.ActiveCfg = Release|Any CPU
		{FE37E217-A809-401E-982E-BD0EFF711795}.Release|Any CPU.Build.0 = Release|Any CPU
	EndGlobalSection
	GlobalSection(SolutionProperties) = preSolution
		HideSolutionNode = FALSE
	EndGlobalSection
	GlobalSection(ExtensibilityGlobals) = postSolution
		SolutionGuid = {ED7489F1-8B05-4468-B105-BC4A28FB4A86}
	EndGlobalSection
EndGlobal
